
Microsoft Visual Studio Solution File, Format Version 12.00
# Visual Studio 15
VisualStudioVersion = 15.0.27130.2024
MinimumVisualStudioVersion = 10.0.40219.1
Project("{FAE04EC0-301F-11D3-BF4B-00C04F79EFBC}") = "Domain", "Domain\Domain.csproj", "{0EA4D8AA-030D-4FA6-B5B3-42C15E17C4F5}"
EndProject
Project("{FAE04EC0-301F-11D3-BF4B-00C04F79EFBC}") = "WebUI", "WebUI\WebUI.csproj", "{252AEB24-4605-4AE9-AF5A-D274189DFD2B}"
EndProject
Project("{FAE04EC0-301F-11D3-BF4B-00C04F79EFBC}") = "UnitTests", "UnitTests\UnitTests.csproj", "{ACA99B1B-0C4F-4C63-84DB-419F80F77DB5}"
EndProject
Global
	GlobalSection(SolutionConfigurationPlatforms) = preSolution
		Debug|Any CPU = Debug|Any CPU
		Release|Any CPU = Release|Any CPU
	EndGlobalSection
	GlobalSection(ProjectConfigurationPlatforms) = postSolution
		{0EA4D8AA-030D-4FA6-B5B3-42C15E17C4F5}.Debug|Any CPU.ActiveCfg = Debug|Any CPU
		{0EA4D8AA-030D-4FA6-B5B3-42C15E17C4F5}.Debug|Any CPU.Build.0 = Debug|Any CPU
		{0EA4D8AA-030D-4FA6-B5B3-42C15E17C4F5}.Release|Any CPU.ActiveCfg = Release|Any CPU
		{0EA4D8AA-030D-4FA6-B5B3-42C15E17C4F5}.Release|Any CPU.Build.0 = Release|Any CPU
		{252AEB24-4605-4AE9-AF5A-D274189DFD2B}.Debug|Any CPU.ActiveCfg = Debug|Any CPU
		{252AEB24-4605-4AE9-AF5A-D274189DFD2B}.Debug|Any CPU.Build.0 = Debug|Any CPU
		{252AEB24-4605-4AE9-AF5A-D274189DFD2B}.Release|Any CPU.ActiveCfg = Release|Any CPU
		{252AEB24-4605-4AE9-AF5A-D274189DFD2B}.Release|Any CPU.Build.0 = Release|Any CPU
		{ACA99B1B-0C4F-4C63-84DB-419F80F77DB5}.Debug|Any CPU.ActiveCfg = Debug|Any CPU
		{ACA99B1B-0C4F-4C63-84DB-419F80F77DB5}.Debug|Any CPU.Build.0 = Debug|Any CPU
		{ACA99B1B-0C4F-4C63-84DB-419F80F77DB5}.Release|Any CPU.ActiveCfg = Release|Any CPU
		{ACA99B1B-0C4F-4C63-84DB-419F80F77DB5}.Release|Any CPU.Build.0 = Release|Any CPU
	EndGlobalSection
	GlobalSection(SolutionProperties) = preSolution
		HideSolutionNode = FALSE
	EndGlobalSection
	GlobalSection(ExtensibilityGlobals) = postSolution
		SolutionGuid = {DAB7DBBE-5E5D-4525-B244-FD0342DD4AE0}
	EndGlobalSection
EndGlobal
